
Microsoft Visual Studio Solution File, Format Version 12.00
# Visual Studio Version 17
VisualStudioVersion = 17.5.33627.172
MinimumVisualStudioVersion = 10.0.40219.1
Project("{FAE04EC0-301F-11D3-BF4B-00C04F79EFBC}") = "ShoppingUser.HostAPI", "ShoppingUser.HostAPI\ShoppingUser.HostAPI.csproj", "{F6489AED-2402-48B1-9F0C-1C9202209756}"
EndProject
Project("{FAE04EC0-301F-11D3-BF4B-00C04F79EFBC}") = "ShoppingUser.Application", "ShoppingUser.Application\ShoppingUser.Application.csproj", "{C96D2C92-B3B6-42D2-90B1-A75B3683CB81}"
EndProject
Project("{FAE04EC0-301F-11D3-BF4B-00C04F79EFBC}") = "ShoppingUser.EntityModel", "ShoppingUser.EntityModel\ShoppingUser.EntityModel.csproj", "{AC4C8477-71D0-40CA-95E0-9B2F8FAF05F1}"
EndProject
Global
	GlobalSection(SolutionConfigurationPlatforms) = preSolution
		Debug|Any CPU = Debug|Any CPU
		Release|Any CPU = Release|Any CPU
	EndGlobalSection
	GlobalSection(ProjectConfigurationPlatforms) = postSolution
		{F6489AED-2402-48B1-9F0C-1C9202209756}.Debug|Any CPU.ActiveCfg = Debug|Any CPU
		{F6489AED-2402-48B1-9F0C-1C9202209756}.Debug|Any CPU.Build.0 = Debug|Any CPU
		{F6489AED-2402-48B1-9F0C-1C9202209756}.Release|Any CPU.ActiveCfg = Release|Any CPU
		{F6489AED-2402-48B1-9F0C-1C9202209756}.Release|Any CPU.Build.0 = Release|Any CPU
		{C96D2C92-B3B6-42D2-90B1-A75B3683CB81}.Debug|Any CPU.ActiveCfg = Debug|Any CPU
		{C96D2C92-B3B6-42D2-90B1-A75B3683CB81}.Debug|Any CPU.Build.0 = Debug|Any CPU
		{C96D2C92-B3B6-42D2-90B1-A75B3683CB81}.Release|Any CPU.ActiveCfg = Release|Any CPU
		{C96D2C92-B3B6-42D2-90B1-A75B3683CB81}.Release|Any CPU.Build.0 = Release|Any CPU
		{AC4C8477-71D0-40CA-95E0-9B2F8FAF05F1}.Debug|Any CPU.ActiveCfg = Debug|Any CPU
		{AC4C8477-71D0-40CA-95E0-9B2F8FAF05F1}.Debug|Any CPU.Build.0 = Debug|Any CPU
		{AC4C8477-71D0-40CA-95E0-9B2F8FAF05F1}.Release|Any CPU.ActiveCfg = Release|Any CPU
		{AC4C8477-71D0-40CA-95E0-9B2F8FAF05F1}.Release|Any CPU.Build.0 = Release|Any CPU
	EndGlobalSection
	GlobalSection(SolutionProperties) = preSolution
		HideSolutionNode = FALSE
	EndGlobalSection
	GlobalSection(ExtensibilityGlobals) = postSolution
		SolutionGuid = {E332F27C-0610-4DB4-84B6-B8EA79FBF6A4}
	EndGlobalSection
EndGlobal
